// !$*UTF8*$!
{
	archiveVersion = 1;
	classes = {
	};
	objectVersion = 56;
	objects = {

/* Begin PBXBuildFile section */
		96420185296496D100C59590 /* ToudouProjectApp.swift in Sources */ = {isa = PBXBuildFile; fileRef = 96420184296496D100C59590 /* ToudouProjectApp.swift */; };
		96420187296496D100C59590 /* TasksView.swift in Sources */ = {isa = PBXBuildFile; fileRef = 96420186296496D100C59590 /* TasksView.swift */; };
		96420189296496D300C59590 /* Assets.xcassets in Resources */ = {isa = PBXBuildFile; fileRef = 96420188296496D300C59590 /* Assets.xcassets */; };
		9642018C296496D300C59590 /* Preview Assets.xcassets in Resources */ = {isa = PBXBuildFile; fileRef = 9642018B296496D300C59590 /* Preview Assets.xcassets */; };
		9642018E296496D300C59590 /* Persistence.swift in Sources */ = {isa = PBXBuildFile; fileRef = 9642018D296496D300C59590 /* Persistence.swift */; };
		96420191296496D300C59590 /* ToudouProject.xcdatamodeld in Sources */ = {isa = PBXBuildFile; fileRef = 9642018F296496D300C59590 /* ToudouProject.xcdatamodeld */; };
		964201982964972100C59590 /* ToudouViewModel.swift in Sources */ = {isa = PBXBuildFile; fileRef = 964201972964972100C59590 /* ToudouViewModel.swift */; };
		9642019A29649CE400C59590 /* TaskRowView.swift in Sources */ = {isa = PBXBuildFile; fileRef = 9642019929649CE400C59590 /* TaskRowView.swift */; };
		9642019C29649E7500C59590 /* CoreDataManager.swift in Sources */ = {isa = PBXBuildFile; fileRef = 9642019B29649E7500C59590 /* CoreDataManager.swift */; };
		9642019F2964AD5200C59590 /* TaskPriority.swift in Sources */ = {isa = PBXBuildFile; fileRef = 9642019E2964AD5200C59590 /* TaskPriority.swift */; };
		964201A12964BF2100C59590 /* TaskCategory.swift in Sources */ = {isa = PBXBuildFile; fileRef = 964201A02964BF2100C59590 /* TaskCategory.swift */; };
		964201A52964C7AC00C59590 /* TextFieldModifier.swift in Sources */ = {isa = PBXBuildFile; fileRef = 964201A42964C7AC00C59590 /* TextFieldModifier.swift */; };
		964201A72964C7C900C59590 /* ViewExtension.swift in Sources */ = {isa = PBXBuildFile; fileRef = 964201A62964C7C900C59590 /* ViewExtension.swift */; };
		964201A92964C9D100C59590 /* TaskSheetView.swift in Sources */ = {isa = PBXBuildFile; fileRef = 964201A82964C9D100C59590 /* TaskSheetView.swift */; };
		964201AF2964D60E00C59590 /* TaskPriorityFieldView.swift in Sources */ = {isa = PBXBuildFile; fileRef = 964201AE2964D60E00C59590 /* TaskPriorityFieldView.swift */; };
		964201B12964D65200C59590 /* TaskCategoryFieldView.swift in Sources */ = {isa = PBXBuildFile; fileRef = 964201B02964D65200C59590 /* TaskCategoryFieldView.swift */; };
		964201B52964DE5B00C59590 /* TaskTitleFieldView.swift in Sources */ = {isa = PBXBuildFile; fileRef = 964201B42964DE5B00C59590 /* TaskTitleFieldView.swift */; };
		964201B72964DE9500C59590 /* TaskNotesFieldView.swift in Sources */ = {isa = PBXBuildFile; fileRef = 964201B62964DE9500C59590 /* TaskNotesFieldView.swift */; };
		964201B92964DEC600C59590 /* TaskDateFieldView.swift in Sources */ = {isa = PBXBuildFile; fileRef = 964201B82964DEC600C59590 /* TaskDateFieldView.swift */; };
		964201BD29657B0F00C59590 /* ColoredSegmentedPicker.swift in Sources */ = {isa = PBXBuildFile; fileRef = 964201BC29657B0F00C59590 /* ColoredSegmentedPicker.swift */; };
		964201BF2965830200C59590 /* AddTaskTopContentView.swift in Sources */ = {isa = PBXBuildFile; fileRef = 964201BE2965830200C59590 /* AddTaskTopContentView.swift */; };
		964201C32965845200C59590 /* ColorExtension.swift in Sources */ = {isa = PBXBuildFile; fileRef = 964201C22965845200C59590 /* ColorExtension.swift */; };
		964201C6296593FA00C59590 /* AddTaskCategoriesListView.swift in Sources */ = {isa = PBXBuildFile; fileRef = 964201C5296593FA00C59590 /* AddTaskCategoriesListView.swift */; };
		964201C92965A96900C59590 /* FilterSegmentedPicker.swift in Sources */ = {isa = PBXBuildFile; fileRef = 964201C82965A96900C59590 /* FilterSegmentedPicker.swift */; };
		964201CF2965B56A00C59590 /* DateExtension.swift in Sources */ = {isa = PBXBuildFile; fileRef = 964201CE2965B56900C59590 /* DateExtension.swift */; };
		964201E02965DC8E00C59590 /* TaskFiltering.swift in Sources */ = {isa = PBXBuildFile; fileRef = 964201DF2965DC8E00C59590 /* TaskFiltering.swift */; };
		964311D929B090AD0019E184 /* ToudouProjectUITests.swift in Sources */ = {isa = PBXBuildFile; fileRef = 964311D829B090AD0019E184 /* ToudouProjectUITests.swift */; };
		964311DB29B090AD0019E184 /* ToudouProjectUITestsLaunchTests.swift in Sources */ = {isa = PBXBuildFile; fileRef = 964311DA29B090AD0019E184 /* ToudouProjectUITestsLaunchTests.swift */; };
		964311E129B150C00019E184 /* DateExtension.swift in Sources */ = {isa = PBXBuildFile; fileRef = 964201CE2965B56900C59590 /* DateExtension.swift */; };
		964C7AC229AFC3B600472274 /* ToudouProjectTests.swift in Sources */ = {isa = PBXBuildFile; fileRef = 964C7AC129AFC3B600472274 /* ToudouProjectTests.swift */; };
		966CC96229AF86A800A70983 /* TaskCategoryAndTitleView.swift in Sources */ = {isa = PBXBuildFile; fileRef = 966CC96129AF86A800A70983 /* TaskCategoryAndTitleView.swift */; };
		966CC96429AF86D800A70983 /* TaskDatesView.swift in Sources */ = {isa = PBXBuildFile; fileRef = 966CC96329AF86D800A70983 /* TaskDatesView.swift */; };
		966CC96629AF86FC00A70983 /* TaskNotesView.swift in Sources */ = {isa = PBXBuildFile; fileRef = 966CC96529AF86FC00A70983 /* TaskNotesView.swift */; };
		966CC96829AF872700A70983 /* TaskCountdownView.swift in Sources */ = {isa = PBXBuildFile; fileRef = 966CC96729AF872700A70983 /* TaskCountdownView.swift */; };
		966CC96A29AF87E900A70983 /* EditAndValidateTaskButtonView.swift in Sources */ = {isa = PBXBuildFile; fileRef = 966CC96929AF87E900A70983 /* EditAndValidateTaskButtonView.swift */; };
		966CC96C29AF886400A70983 /* InvalidateTaskButtonView.swift in Sources */ = {isa = PBXBuildFile; fileRef = 966CC96B29AF886400A70983 /* InvalidateTaskButtonView.swift */; };
		966CC96E29AFB2AD00A70983 /* DateTimer.swift in Sources */ = {isa = PBXBuildFile; fileRef = 966CC96D29AFB2AD00A70983 /* DateTimer.swift */; };
		969691A729AF43CE00CD0CE8 /* TaskSorting.swift in Sources */ = {isa = PBXBuildFile; fileRef = 969691A629AF43CE00CD0CE8 /* TaskSorting.swift */; };
		969691AA29AF4E2300CD0CE8 /* SheetTopContentView.swift in Sources */ = {isa = PBXBuildFile; fileRef = 969691A929AF4E2300CD0CE8 /* SheetTopContentView.swift */; };
		96BFB5112967912B000BCE7E /* TaskEntity+CoreDataClass.swift in Sources */ = {isa = PBXBuildFile; fileRef = 96BFB50F2967912B000BCE7E /* TaskEntity+CoreDataClass.swift */; };
		96BFB5122967912B000BCE7E /* TaskEntity+CoreDataProperties.swift in Sources */ = {isa = PBXBuildFile; fileRef = 96BFB5102967912B000BCE7E /* TaskEntity+CoreDataProperties.swift */; };
		96BFB51429681C6B000BCE7E /* TaskAlertFieldView.swift in Sources */ = {isa = PBXBuildFile; fileRef = 96BFB51329681C6B000BCE7E /* TaskAlertFieldView.swift */; };
		96BFB516296825B4000BCE7E /* NotificationManager.swift in Sources */ = {isa = PBXBuildFile; fileRef = 96BFB515296825B4000BCE7E /* NotificationManager.swift */; };
		96BFB51829682DC1000BCE7E /* TaskAlertReminder.swift in Sources */ = {isa = PBXBuildFile; fileRef = 96BFB51729682DC1000BCE7E /* TaskAlertReminder.swift */; };
		96BFB51A2968508D000BCE7E /* ShareButtonView.swift in Sources */ = {isa = PBXBuildFile; fileRef = 96BFB5192968508D000BCE7E /* ShareButtonView.swift */; };
		96BFB51C29685581000BCE7E /* TaskDetailView.swift in Sources */ = {isa = PBXBuildFile; fileRef = 96BFB51B29685581000BCE7E /* TaskDetailView.swift */; };
		96D14F4C29AEA68E00B01D65 /* TaskModel.swift in Sources */ = {isa = PBXBuildFile; fileRef = 96D14F4B29AEA68E00B01D65 /* TaskModel.swift */; };
		96D14F4E29AEB2EC00B01D65 /* TextLimiterModifer.swift in Sources */ = {isa = PBXBuildFile; fileRef = 96D14F4D29AEB2EC00B01D65 /* TextLimiterModifer.swift */; };
		96E03D4329AE312F007EE940 /* TaskListView.swift in Sources */ = {isa = PBXBuildFile; fileRef = 96E03D4229AE312F007EE940 /* TaskListView.swift */; };
/* End PBXBuildFile section */

/* Begin PBXContainerItemProxy section */
		964311DC29B090AD0019E184 /* PBXContainerItemProxy */ = {
			isa = PBXContainerItemProxy;
			containerPortal = 96420179296496D100C59590 /* Project object */;
			proxyType = 1;
			remoteGlobalIDString = 96420180296496D100C59590;
			remoteInfo = ToudouProject;
		};
		964C7AC329AFC3B600472274 /* PBXContainerItemProxy */ = {
			isa = PBXContainerItemProxy;
			containerPortal = 96420179296496D100C59590 /* Project object */;
			proxyType = 1;
			remoteGlobalIDString = 96420180296496D100C59590;
			remoteInfo = ToudouProject;
		};
/* End PBXContainerItemProxy section */

/* Begin PBXFileReference section */
		96420181296496D100C59590 /* ToudouProject.app */ = {isa = PBXFileReference; explicitFileType = wrapper.application; includeInIndex = 0; path = ToudouProject.app; sourceTree = BUILT_PRODUCTS_DIR; };
		96420184296496D100C59590 /* ToudouProjectApp.swift */ = {isa = PBXFileReference; lastKnownFileType = sourcecode.swift; path = ToudouProjectApp.swift; sourceTree = "<group>"; };
		96420186296496D100C59590 /* TasksView.swift */ = {isa = PBXFileReference; lastKnownFileType = sourcecode.swift; path = TasksView.swift; sourceTree = "<group>"; };
		96420188296496D300C59590 /* Assets.xcassets */ = {isa = PBXFileReference; lastKnownFileType = folder.assetcatalog; path = Assets.xcassets; sourceTree = "<group>"; };
		9642018B296496D300C59590 /* Preview Assets.xcassets */ = {isa = PBXFileReference; lastKnownFileType = folder.assetcatalog; path = "Preview Assets.xcassets"; sourceTree = "<group>"; };
		9642018D296496D300C59590 /* Persistence.swift */ = {isa = PBXFileReference; lastKnownFileType = sourcecode.swift; path = Persistence.swift; sourceTree = "<group>"; };
		96420190296496D300C59590 /* ToudouProject.xcdatamodel */ = {isa = PBXFileReference; lastKnownFileType = wrapper.xcdatamodel; path = ToudouProject.xcdatamodel; sourceTree = "<group>"; };
		964201972964972100C59590 /* ToudouViewModel.swift */ = {isa = PBXFileReference; lastKnownFileType = sourcecode.swift; path = ToudouViewModel.swift; sourceTree = "<group>"; };
		9642019929649CE400C59590 /* TaskRowView.swift */ = {isa = PBXFileReference; lastKnownFileType = sourcecode.swift; path = TaskRowView.swift; sourceTree = "<group>"; };
		9642019B29649E7500C59590 /* CoreDataManager.swift */ = {isa = PBXFileReference; lastKnownFileType = sourcecode.swift; path = CoreDataManager.swift; sourceTree = "<group>"; };
		9642019E2964AD5200C59590 /* TaskPriority.swift */ = {isa = PBXFileReference; lastKnownFileType = sourcecode.swift; path = TaskPriority.swift; sourceTree = "<group>"; };
		964201A02964BF2100C59590 /* TaskCategory.swift */ = {isa = PBXFileReference; lastKnownFileType = sourcecode.swift; path = TaskCategory.swift; sourceTree = "<group>"; };
		964201A42964C7AC00C59590 /* TextFieldModifier.swift */ = {isa = PBXFileReference; lastKnownFileType = sourcecode.swift; path = TextFieldModifier.swift; sourceTree = "<group>"; };
		964201A62964C7C900C59590 /* ViewExtension.swift */ = {isa = PBXFileReference; lastKnownFileType = sourcecode.swift; path = ViewExtension.swift; sourceTree = "<group>"; };
		964201A82964C9D100C59590 /* TaskSheetView.swift */ = {isa = PBXFileReference; lastKnownFileType = sourcecode.swift; path = TaskSheetView.swift; sourceTree = "<group>"; };
		964201AE2964D60E00C59590 /* TaskPriorityFieldView.swift */ = {isa = PBXFileReference; lastKnownFileType = sourcecode.swift; path = TaskPriorityFieldView.swift; sourceTree = "<group>"; };
		964201B02964D65200C59590 /* TaskCategoryFieldView.swift */ = {isa = PBXFileReference; lastKnownFileType = sourcecode.swift; path = TaskCategoryFieldView.swift; sourceTree = "<group>"; };
		964201B42964DE5B00C59590 /* TaskTitleFieldView.swift */ = {isa = PBXFileReference; lastKnownFileType = sourcecode.swift; path = TaskTitleFieldView.swift; sourceTree = "<group>"; };
		964201B62964DE9500C59590 /* TaskNotesFieldView.swift */ = {isa = PBXFileReference; lastKnownFileType = sourcecode.swift; path = TaskNotesFieldView.swift; sourceTree = "<group>"; };
		964201B82964DEC600C59590 /* TaskDateFieldView.swift */ = {isa = PBXFileReference; lastKnownFileType = sourcecode.swift; path = TaskDateFieldView.swift; sourceTree = "<group>"; };
		964201BA2964E0BA00C59590 /* Info.plist */ = {isa = PBXFileReference; lastKnownFileType = text.plist.xml; path = Info.plist; sourceTree = "<group>"; };
		964201BC29657B0F00C59590 /* ColoredSegmentedPicker.swift */ = {isa = PBXFileReference; lastKnownFileType = sourcecode.swift; path = ColoredSegmentedPicker.swift; sourceTree = "<group>"; };
		964201BE2965830200C59590 /* AddTaskTopContentView.swift */ = {isa = PBXFileReference; lastKnownFileType = sourcecode.swift; path = AddTaskTopContentView.swift; sourceTree = "<group>"; };
		964201C22965845200C59590 /* ColorExtension.swift */ = {isa = PBXFileReference; lastKnownFileType = sourcecode.swift; path = ColorExtension.swift; sourceTree = "<group>"; };
		964201C5296593FA00C59590 /* AddTaskCategoriesListView.swift */ = {isa = PBXFileReference; lastKnownFileType = sourcecode.swift; path = AddTaskCategoriesListView.swift; sourceTree = "<group>"; };
		964201C82965A96900C59590 /* FilterSegmentedPicker.swift */ = {isa = PBXFileReference; lastKnownFileType = sourcecode.swift; path = FilterSegmentedPicker.swift; sourceTree = "<group>"; };
		964201CE2965B56900C59590 /* DateExtension.swift */ = {isa = PBXFileReference; lastKnownFileType = sourcecode.swift; path = DateExtension.swift; sourceTree = "<group>"; };
		964201DF2965DC8E00C59590 /* TaskFiltering.swift */ = {isa = PBXFileReference; lastKnownFileType = sourcecode.swift; path = TaskFiltering.swift; sourceTree = "<group>"; };
		964311D629B090AD0019E184 /* ToudouProjectUITests.xctest */ = {isa = PBXFileReference; explicitFileType = wrapper.cfbundle; includeInIndex = 0; path = ToudouProjectUITests.xctest; sourceTree = BUILT_PRODUCTS_DIR; };
		964311D829B090AD0019E184 /* ToudouProjectUITests.swift */ = {isa = PBXFileReference; lastKnownFileType = sourcecode.swift; path = ToudouProjectUITests.swift; sourceTree = "<group>"; };
		964311DA29B090AD0019E184 /* ToudouProjectUITestsLaunchTests.swift */ = {isa = PBXFileReference; lastKnownFileType = sourcecode.swift; path = ToudouProjectUITestsLaunchTests.swift; sourceTree = "<group>"; };
		964C7ABF29AFC3B600472274 /* ToudouProjectTests.xctest */ = {isa = PBXFileReference; explicitFileType = wrapper.cfbundle; includeInIndex = 0; path = ToudouProjectTests.xctest; sourceTree = BUILT_PRODUCTS_DIR; };
		964C7AC129AFC3B600472274 /* ToudouProjectTests.swift */ = {isa = PBXFileReference; lastKnownFileType = sourcecode.swift; path = ToudouProjectTests.swift; sourceTree = "<group>"; };
		966CC96129AF86A800A70983 /* TaskCategoryAndTitleView.swift */ = {isa = PBXFileReference; lastKnownFileType = sourcecode.swift; path = TaskCategoryAndTitleView.swift; sourceTree = "<group>"; };
		966CC96329AF86D800A70983 /* TaskDatesView.swift */ = {isa = PBXFileReference; lastKnownFileType = sourcecode.swift; path = TaskDatesView.swift; sourceTree = "<group>"; };
		966CC96529AF86FC00A70983 /* TaskNotesView.swift */ = {isa = PBXFileReference; lastKnownFileType = sourcecode.swift; path = TaskNotesView.swift; sourceTree = "<group>"; };
		966CC96729AF872700A70983 /* TaskCountdownView.swift */ = {isa = PBXFileReference; lastKnownFileType = sourcecode.swift; path = TaskCountdownView.swift; sourceTree = "<group>"; };
		966CC96929AF87E900A70983 /* EditAndValidateTaskButtonView.swift */ = {isa = PBXFileReference; lastKnownFileType = sourcecode.swift; path = EditAndValidateTaskButtonView.swift; sourceTree = "<group>"; };
		966CC96B29AF886400A70983 /* InvalidateTaskButtonView.swift */ = {isa = PBXFileReference; lastKnownFileType = sourcecode.swift; path = InvalidateTaskButtonView.swift; sourceTree = "<group>"; };
		966CC96D29AFB2AD00A70983 /* DateTimer.swift */ = {isa = PBXFileReference; lastKnownFileType = sourcecode.swift; path = DateTimer.swift; sourceTree = "<group>"; };
		969691A629AF43CE00CD0CE8 /* TaskSorting.swift */ = {isa = PBXFileReference; lastKnownFileType = sourcecode.swift; path = TaskSorting.swift; sourceTree = "<group>"; };
		969691A929AF4E2300CD0CE8 /* SheetTopContentView.swift */ = {isa = PBXFileReference; lastKnownFileType = sourcecode.swift; path = SheetTopContentView.swift; sourceTree = "<group>"; };
		96BFB50F2967912B000BCE7E /* TaskEntity+CoreDataClass.swift */ = {isa = PBXFileReference; lastKnownFileType = sourcecode.swift; path = "TaskEntity+CoreDataClass.swift"; sourceTree = "<group>"; };
		96BFB5102967912B000BCE7E /* TaskEntity+CoreDataProperties.swift */ = {isa = PBXFileReference; lastKnownFileType = sourcecode.swift; path = "TaskEntity+CoreDataProperties.swift"; sourceTree = "<group>"; };
		96BFB51329681C6B000BCE7E /* TaskAlertFieldView.swift */ = {isa = PBXFileReference; lastKnownFileType = sourcecode.swift; path = TaskAlertFieldView.swift; sourceTree = "<group>"; };
		96BFB515296825B4000BCE7E /* NotificationManager.swift */ = {isa = PBXFileReference; lastKnownFileType = sourcecode.swift; path = NotificationManager.swift; sourceTree = "<group>"; };
		96BFB51729682DC1000BCE7E /* TaskAlertReminder.swift */ = {isa = PBXFileReference; lastKnownFileType = sourcecode.swift; path = TaskAlertReminder.swift; sourceTree = "<group>"; };
		96BFB5192968508D000BCE7E /* ShareButtonView.swift */ = {isa = PBXFileReference; lastKnownFileType = sourcecode.swift; path = ShareButtonView.swift; sourceTree = "<group>"; };
		96BFB51B29685581000BCE7E /* TaskDetailView.swift */ = {isa = PBXFileReference; lastKnownFileType = sourcecode.swift; path = TaskDetailView.swift; sourceTree = "<group>"; };
		96D14F4B29AEA68E00B01D65 /* TaskModel.swift */ = {isa = PBXFileReference; lastKnownFileType = sourcecode.swift; path = TaskModel.swift; sourceTree = "<group>"; };
		96D14F4D29AEB2EC00B01D65 /* TextLimiterModifer.swift */ = {isa = PBXFileReference; lastKnownFileType = sourcecode.swift; path = TextLimiterModifer.swift; sourceTree = "<group>"; };
		96E03D4229AE312F007EE940 /* TaskListView.swift */ = {isa = PBXFileReference; lastKnownFileType = sourcecode.swift; path = TaskListView.swift; sourceTree = "<group>"; };
/* End PBXFileReference section */

/* Begin PBXFrameworksBuildPhase section */
		9642017E296496D100C59590 /* Frameworks */ = {
			isa = PBXFrameworksBuildPhase;
			buildActionMask = 2147483647;
			files = (
			);
			runOnlyForDeploymentPostprocessing = 0;
		};
		964311D329B090AD0019E184 /* Frameworks */ = {
			isa = PBXFrameworksBuildPhase;
			buildActionMask = 2147483647;
			files = (
			);
			runOnlyForDeploymentPostprocessing = 0;
		};
		964C7ABC29AFC3B600472274 /* Frameworks */ = {
			isa = PBXFrameworksBuildPhase;
			buildActionMask = 2147483647;
			files = (
			);
			runOnlyForDeploymentPostprocessing = 0;
		};
/* End PBXFrameworksBuildPhase section */

/* Begin PBXGroup section */
		96420178296496D100C59590 = {
			isa = PBXGroup;
			children = (
				96BFB50F2967912B000BCE7E /* TaskEntity+CoreDataClass.swift */,
				96BFB5102967912B000BCE7E /* TaskEntity+CoreDataProperties.swift */,
				96420183296496D100C59590 /* ToudouProject */,
				964C7AC029AFC3B600472274 /* ToudouProjectTests */,
				964311D729B090AD0019E184 /* ToudouProjectUITests */,
				96420182296496D100C59590 /* Products */,
			);
			sourceTree = "<group>";
		};
		96420182296496D100C59590 /* Products */ = {
			isa = PBXGroup;
			children = (
				96420181296496D100C59590 /* ToudouProject.app */,
				964C7ABF29AFC3B600472274 /* ToudouProjectTests.xctest */,
				964311D629B090AD0019E184 /* ToudouProjectUITests.xctest */,
			);
			name = Products;
			sourceTree = "<group>";
		};
		96420183296496D100C59590 /* ToudouProject */ = {
			isa = PBXGroup;
			children = (
				964201D82965DAF400C59590 /* Resources */,
				964201D92965DB1400C59590 /* Supporting Files */,
				964201DA2965DBCC00C59590 /* App */,
				964201E32966D25F00C59590 /* Views */,
				964201C72965962500C59590 /* View Models */,
				9642019D2964AD4900C59590 /* Models */,
				9642018A296496D300C59590 /* Preview Content */,
			);
			path = ToudouProject;
			sourceTree = "<group>";
		};
		9642018A296496D300C59590 /* Preview Content */ = {
			isa = PBXGroup;
			children = (
				9642018B296496D300C59590 /* Preview Assets.xcassets */,
			);
			path = "Preview Content";
			sourceTree = "<group>";
		};
		9642019D2964AD4900C59590 /* Models */ = {
			isa = PBXGroup;
			children = (
				964201D72965DADE00C59590 /* Main */,
				964201A22964C22500C59590 /* Services */,
				964201C42965850E00C59590 /* View Modifiers */,
				964201BB29657AFB00C59590 /* Custom Views */,
				964201A32964C77700C59590 /* Extensions */,
			);
			path = Models;
			sourceTree = "<group>";
		};
		964201A22964C22500C59590 /* Services */ = {
			isa = PBXGroup;
			children = (
				96BFB515296825B4000BCE7E /* NotificationManager.swift */,
				9642019B29649E7500C59590 /* CoreDataManager.swift */,
				9642018D296496D300C59590 /* Persistence.swift */,
				966CC96D29AFB2AD00A70983 /* DateTimer.swift */,
			);
			path = Services;
			sourceTree = "<group>";
		};
		964201A32964C77700C59590 /* Extensions */ = {
			isa = PBXGroup;
			children = (
				964201A62964C7C900C59590 /* ViewExtension.swift */,
				964201C22965845200C59590 /* ColorExtension.swift */,
				964201CE2965B56900C59590 /* DateExtension.swift */,
			);
			path = Extensions;
			sourceTree = "<group>";
		};
		964201AC2964D5EC00C59590 /* Tasks */ = {
			isa = PBXGroup;
			children = (
				96420186296496D100C59590 /* TasksView.swift */,
				964201AD2964D5F700C59590 /* Fields */,
				96BFB51D29685592000BCE7E /* Detail */,
				964201DD2965DC4800C59590 /* List */,
				964201C02965839400C59590 /* Miscellaneous */,
			);
			path = Tasks;
			sourceTree = "<group>";
		};
		964201AD2964D5F700C59590 /* Fields */ = {
			isa = PBXGroup;
			children = (
				964201A82964C9D100C59590 /* TaskSheetView.swift */,
				964201BE2965830200C59590 /* AddTaskTopContentView.swift */,
				964201C5296593FA00C59590 /* AddTaskCategoriesListView.swift */,
				964201AE2964D60E00C59590 /* TaskPriorityFieldView.swift */,
				964201B02964D65200C59590 /* TaskCategoryFieldView.swift */,
				964201B42964DE5B00C59590 /* TaskTitleFieldView.swift */,
				964201B62964DE9500C59590 /* TaskNotesFieldView.swift */,
				964201B82964DEC600C59590 /* TaskDateFieldView.swift */,
				96BFB51329681C6B000BCE7E /* TaskAlertFieldView.swift */,
			);
			path = Fields;
			sourceTree = "<group>";
		};
		964201BB29657AFB00C59590 /* Custom Views */ = {
			isa = PBXGroup;
			children = (
				964201BC29657B0F00C59590 /* ColoredSegmentedPicker.swift */,
				964201C82965A96900C59590 /* FilterSegmentedPicker.swift */,
			);
			path = "Custom Views";
			sourceTree = "<group>";
		};
		964201C02965839400C59590 /* Miscellaneous */ = {
			isa = PBXGroup;
			children = (
				96BFB5192968508D000BCE7E /* ShareButtonView.swift */,
			);
			path = Miscellaneous;
			sourceTree = "<group>";
		};
		964201C42965850E00C59590 /* View Modifiers */ = {
			isa = PBXGroup;
			children = (
				964201A42964C7AC00C59590 /* TextFieldModifier.swift */,
				96D14F4D29AEB2EC00B01D65 /* TextLimiterModifer.swift */,
			);
			path = "View Modifiers";
			sourceTree = "<group>";
		};
		964201C72965962500C59590 /* View Models */ = {
			isa = PBXGroup;
			children = (
				964201972964972100C59590 /* ToudouViewModel.swift */,
			);
			path = "View Models";
			sourceTree = "<group>";
		};
		964201D72965DADE00C59590 /* Main */ = {
			isa = PBXGroup;
			children = (
				9642019E2964AD5200C59590 /* TaskPriority.swift */,
				964201A02964BF2100C59590 /* TaskCategory.swift */,
				964201DF2965DC8E00C59590 /* TaskFiltering.swift */,
				96BFB51729682DC1000BCE7E /* TaskAlertReminder.swift */,
				96D14F4B29AEA68E00B01D65 /* TaskModel.swift */,
				969691A629AF43CE00CD0CE8 /* TaskSorting.swift */,
			);
			path = Main;
			sourceTree = "<group>";
		};
		964201D82965DAF400C59590 /* Resources */ = {
			isa = PBXGroup;
			children = (
				9642018F296496D300C59590 /* ToudouProject.xcdatamodeld */,
				96420188296496D300C59590 /* Assets.xcassets */,
			);
			path = Resources;
			sourceTree = "<group>";
		};
		964201D92965DB1400C59590 /* Supporting Files */ = {
			isa = PBXGroup;
			children = (
				964201BA2964E0BA00C59590 /* Info.plist */,
			);
			path = "Supporting Files";
			sourceTree = "<group>";
		};
		964201DA2965DBCC00C59590 /* App */ = {
			isa = PBXGroup;
			children = (
				96420184296496D100C59590 /* ToudouProjectApp.swift */,
			);
			path = App;
			sourceTree = "<group>";
		};
		964201DD2965DC4800C59590 /* List */ = {
			isa = PBXGroup;
			children = (
				96E03D4229AE312F007EE940 /* TaskListView.swift */,
				9642019929649CE400C59590 /* TaskRowView.swift */,
			);
			path = List;
			sourceTree = "<group>";
		};
		964201E32966D25F00C59590 /* Views */ = {
			isa = PBXGroup;
			children = (
				969691A829AF4E1400CD0CE8 /* Commons */,
				964201AC2964D5EC00C59590 /* Tasks */,
			);
			path = Views;
			sourceTree = "<group>";
		};
		964311D729B090AD0019E184 /* ToudouProjectUITests */ = {
			isa = PBXGroup;
			children = (
				964311D829B090AD0019E184 /* ToudouProjectUITests.swift */,
				964311DA29B090AD0019E184 /* ToudouProjectUITestsLaunchTests.swift */,
			);
			path = ToudouProjectUITests;
			sourceTree = "<group>";
		};
		964C7AC029AFC3B600472274 /* ToudouProjectTests */ = {
			isa = PBXGroup;
			children = (
				964C7AC129AFC3B600472274 /* ToudouProjectTests.swift */,
			);
			path = ToudouProjectTests;
			sourceTree = "<group>";
		};
		969691A829AF4E1400CD0CE8 /* Commons */ = {
			isa = PBXGroup;
			children = (
				969691A929AF4E2300CD0CE8 /* SheetTopContentView.swift */,
			);
			path = Commons;
			sourceTree = "<group>";
		};
		96BFB51D29685592000BCE7E /* Detail */ = {
			isa = PBXGroup;
			children = (
				96BFB51B29685581000BCE7E /* TaskDetailView.swift */,
				966CC96129AF86A800A70983 /* TaskCategoryAndTitleView.swift */,
				966CC96329AF86D800A70983 /* TaskDatesView.swift */,
				966CC96529AF86FC00A70983 /* TaskNotesView.swift */,
				966CC96729AF872700A70983 /* TaskCountdownView.swift */,
				966CC96929AF87E900A70983 /* EditAndValidateTaskButtonView.swift */,
				966CC96B29AF886400A70983 /* InvalidateTaskButtonView.swift */,
			);
			path = Detail;
			sourceTree = "<group>";
		};
/* End PBXGroup section */

/* Begin PBXNativeTarget section */
		96420180296496D100C59590 /* ToudouProject */ = {
			isa = PBXNativeTarget;
			buildConfigurationList = 96420194296496D300C59590 /* Build configuration list for PBXNativeTarget "ToudouProject" */;
			buildPhases = (
				9642017D296496D100C59590 /* Sources */,
				9642017E296496D100C59590 /* Frameworks */,
				9642017F296496D100C59590 /* Resources */,
			);
			buildRules = (
			);
			dependencies = (
			);
			name = ToudouProject;
			productName = ToudouProject;
			productReference = 96420181296496D100C59590 /* ToudouProject.app */;
			productType = "com.apple.product-type.application";
		};
		964311D529B090AD0019E184 /* ToudouProjectUITests */ = {
			isa = PBXNativeTarget;
			buildConfigurationList = 964311E029B090AE0019E184 /* Build configuration list for PBXNativeTarget "ToudouProjectUITests" */;
			buildPhases = (
				964311D229B090AD0019E184 /* Sources */,
				964311D329B090AD0019E184 /* Frameworks */,
				964311D429B090AD0019E184 /* Resources */,
			);
			buildRules = (
			);
			dependencies = (
				964311DD29B090AD0019E184 /* PBXTargetDependency */,
			);
			name = ToudouProjectUITests;
			productName = ToudouProjectUITests;
			productReference = 964311D629B090AD0019E184 /* ToudouProjectUITests.xctest */;
			productType = "com.apple.product-type.bundle.ui-testing";
		};
		964C7ABE29AFC3B600472274 /* ToudouProjectTests */ = {
			isa = PBXNativeTarget;
			buildConfigurationList = 964C7AC529AFC3B600472274 /* Build configuration list for PBXNativeTarget "ToudouProjectTests" */;
			buildPhases = (
				964C7ABB29AFC3B600472274 /* Sources */,
				964C7ABC29AFC3B600472274 /* Frameworks */,
				964C7ABD29AFC3B600472274 /* Resources */,
			);
			buildRules = (
			);
			dependencies = (
				964C7AC429AFC3B600472274 /* PBXTargetDependency */,
			);
			name = ToudouProjectTests;
			productName = ToudouProjectTests;
			productReference = 964C7ABF29AFC3B600472274 /* ToudouProjectTests.xctest */;
			productType = "com.apple.product-type.bundle.unit-test";
		};
/* End PBXNativeTarget section */

/* Begin PBXProject section */
		96420179296496D100C59590 /* Project object */ = {
			isa = PBXProject;
			attributes = {
				BuildIndependentTargetsInParallel = 1;
				LastSwiftUpdateCheck = 1420;
				LastUpgradeCheck = 1420;
				TargetAttributes = {
					96420180296496D100C59590 = {
						CreatedOnToolsVersion = 14.2;
					};
					964311D529B090AD0019E184 = {
						CreatedOnToolsVersion = 14.2;
						TestTargetID = 96420180296496D100C59590;
					};
					964C7ABE29AFC3B600472274 = {
						CreatedOnToolsVersion = 14.2;
						TestTargetID = 96420180296496D100C59590;
					};
				};
			};
			buildConfigurationList = 9642017C296496D100C59590 /* Build configuration list for PBXProject "ToudouProject" */;
			compatibilityVersion = "Xcode 14.0";
			developmentRegion = en;
			hasScannedForEncodings = 0;
			knownRegions = (
				en,
				Base,
			);
			mainGroup = 96420178296496D100C59590;
			productRefGroup = 96420182296496D100C59590 /* Products */;
			projectDirPath = "";
			projectRoot = "";
			targets = (
				96420180296496D100C59590 /* ToudouProject */,
				964C7ABE29AFC3B600472274 /* ToudouProjectTests */,
				964311D529B090AD0019E184 /* ToudouProjectUITests */,
			);
		};
/* End PBXProject section */

/* Begin PBXResourcesBuildPhase section */
		9642017F296496D100C59590 /* Resources */ = {
			isa = PBXResourcesBuildPhase;
			buildActionMask = 2147483647;
			files = (
				9642018C296496D300C59590 /* Preview Assets.xcassets in Resources */,
				96420189296496D300C59590 /* Assets.xcassets in Resources */,
			);
			runOnlyForDeploymentPostprocessing = 0;
		};
		964311D429B090AD0019E184 /* Resources */ = {
			isa = PBXResourcesBuildPhase;
			buildActionMask = 2147483647;
			files = (
			);
			runOnlyForDeploymentPostprocessing = 0;
		};
		964C7ABD29AFC3B600472274 /* Resources */ = {
			isa = PBXResourcesBuildPhase;
			buildActionMask = 2147483647;
			files = (
			);
			runOnlyForDeploymentPostprocessing = 0;
		};
/* End PBXResourcesBuildPhase section */

/* Begin PBXSourcesBuildPhase section */
		9642017D296496D100C59590 /* Sources */ = {
			isa = PBXSourcesBuildPhase;
			buildActionMask = 2147483647;
			files = (
				966CC96429AF86D800A70983 /* TaskDatesView.swift in Sources */,
				96BFB51C29685581000BCE7E /* TaskDetailView.swift in Sources */,
				964201B52964DE5B00C59590 /* TaskTitleFieldView.swift in Sources */,
				969691AA29AF4E2300CD0CE8 /* SheetTopContentView.swift in Sources */,
				9642018E296496D300C59590 /* Persistence.swift in Sources */,
				964201982964972100C59590 /* ToudouViewModel.swift in Sources */,
				964201AF2964D60E00C59590 /* TaskPriorityFieldView.swift in Sources */,
				96BFB51A2968508D000BCE7E /* ShareButtonView.swift in Sources */,
				96420191296496D300C59590 /* ToudouProject.xcdatamodeld in Sources */,
				966CC96C29AF886400A70983 /* InvalidateTaskButtonView.swift in Sources */,
				96E03D4329AE312F007EE940 /* TaskListView.swift in Sources */,
				964201A92964C9D100C59590 /* TaskSheetView.swift in Sources */,
				964201C6296593FA00C59590 /* AddTaskCategoriesListView.swift in Sources */,
				96BFB51429681C6B000BCE7E /* TaskAlertFieldView.swift in Sources */,
				96BFB5112967912B000BCE7E /* TaskEntity+CoreDataClass.swift in Sources */,
				966CC96229AF86A800A70983 /* TaskCategoryAndTitleView.swift in Sources */,
				964201BD29657B0F00C59590 /* ColoredSegmentedPicker.swift in Sources */,
				964201B12964D65200C59590 /* TaskCategoryFieldView.swift in Sources */,
				964201C32965845200C59590 /* ColorExtension.swift in Sources */,
				96420187296496D100C59590 /* TasksView.swift in Sources */,
				966CC96829AF872700A70983 /* TaskCountdownView.swift in Sources */,
				96420185296496D100C59590 /* ToudouProjectApp.swift in Sources */,
				96D14F4E29AEB2EC00B01D65 /* TextLimiterModifer.swift in Sources */,
				964201E02965DC8E00C59590 /* TaskFiltering.swift in Sources */,
				9642019C29649E7500C59590 /* CoreDataManager.swift in Sources */,
				96BFB516296825B4000BCE7E /* NotificationManager.swift in Sources */,
				96D14F4C29AEA68E00B01D65 /* TaskModel.swift in Sources */,
				96BFB51829682DC1000BCE7E /* TaskAlertReminder.swift in Sources */,
				964201A72964C7C900C59590 /* ViewExtension.swift in Sources */,
				966CC96A29AF87E900A70983 /* EditAndValidateTaskButtonView.swift in Sources */,
				964201BF2965830200C59590 /* AddTaskTopContentView.swift in Sources */,
				966CC96629AF86FC00A70983 /* TaskNotesView.swift in Sources */,
				964201CF2965B56A00C59590 /* DateExtension.swift in Sources */,
				964201C92965A96900C59590 /* FilterSegmentedPicker.swift in Sources */,
				964201A52964C7AC00C59590 /* TextFieldModifier.swift in Sources */,
				969691A729AF43CE00CD0CE8 /* TaskSorting.swift in Sources */,
				964201B72964DE9500C59590 /* TaskNotesFieldView.swift in Sources */,
				964201A12964BF2100C59590 /* TaskCategory.swift in Sources */,
				96BFB5122967912B000BCE7E /* TaskEntity+CoreDataProperties.swift in Sources */,
				9642019F2964AD5200C59590 /* TaskPriority.swift in Sources */,
				966CC96E29AFB2AD00A70983 /* DateTimer.swift in Sources */,
				9642019A29649CE400C59590 /* TaskRowView.swift in Sources */,
				964201B92964DEC600C59590 /* TaskDateFieldView.swift in Sources */,
			);
			runOnlyForDeploymentPostprocessing = 0;
		};
		964311D229B090AD0019E184 /* Sources */ = {
			isa = PBXSourcesBuildPhase;
			buildActionMask = 2147483647;
			files = (
				964311DB29B090AD0019E184 /* ToudouProjectUITestsLaunchTests.swift in Sources */,
				964311E129B150C00019E184 /* DateExtension.swift in Sources */,
				964311D929B090AD0019E184 /* ToudouProjectUITests.swift in Sources */,
			);
			runOnlyForDeploymentPostprocessing = 0;
		};
		964C7ABB29AFC3B600472274 /* Sources */ = {
			isa = PBXSourcesBuildPhase;
			buildActionMask = 2147483647;
			files = (
				964C7AC229AFC3B600472274 /* ToudouProjectTests.swift in Sources */,
			);
			runOnlyForDeploymentPostprocessing = 0;
		};
/* End PBXSourcesBuildPhase section */

/* Begin PBXTargetDependency section */
		964311DD29B090AD0019E184 /* PBXTargetDependency */ = {
			isa = PBXTargetDependency;
			target = 96420180296496D100C59590 /* ToudouProject */;
			targetProxy = 964311DC29B090AD0019E184 /* PBXContainerItemProxy */;
		};
		964C7AC429AFC3B600472274 /* PBXTargetDependency */ = {
			isa = PBXTargetDependency;
			target = 96420180296496D100C59590 /* ToudouProject */;
			targetProxy = 964C7AC329AFC3B600472274 /* PBXContainerItemProxy */;
		};
/* End PBXTargetDependency section */

/* Begin XCBuildConfiguration section */
		96420192296496D300C59590 /* Debug */ = {
			isa = XCBuildConfiguration;
			buildSettings = {
				ALWAYS_SEARCH_USER_PATHS = NO;
				CLANG_ANALYZER_NONNULL = YES;
				CLANG_ANALYZER_NUMBER_OBJECT_CONVERSION = YES_AGGRESSIVE;
				CLANG_CXX_LANGUAGE_STANDARD = "gnu++20";
				CLANG_ENABLE_MODULES = YES;
				CLANG_ENABLE_OBJC_ARC = YES;
				CLANG_ENABLE_OBJC_WEAK = YES;
				CLANG_WARN_BLOCK_CAPTURE_AUTORELEASING = YES;
				CLANG_WARN_BOOL_CONVERSION = YES;
				CLANG_WARN_COMMA = YES;
				CLANG_WARN_CONSTANT_CONVERSION = YES;
				CLANG_WARN_DEPRECATED_OBJC_IMPLEMENTATIONS = YES;
				CLANG_WARN_DIRECT_OBJC_ISA_USAGE = YES_ERROR;
				CLANG_WARN_DOCUMENTATION_COMMENTS = YES;
				CLANG_WARN_EMPTY_BODY = YES;
				CLANG_WARN_ENUM_CONVERSION = YES;
				CLANG_WARN_INFINITE_RECURSION = YES;
				CLANG_WARN_INT_CONVERSION = YES;
				CLANG_WARN_NON_LITERAL_NULL_CONVERSION = YES;
				CLANG_WARN_OBJC_IMPLICIT_RETAIN_SELF = YES;
				CLANG_WARN_OBJC_LITERAL_CONVERSION = YES;
				CLANG_WARN_OBJC_ROOT_CLASS = YES_ERROR;
				CLANG_WARN_QUOTED_INCLUDE_IN_FRAMEWORK_HEADER = YES;
				CLANG_WARN_RANGE_LOOP_ANALYSIS = YES;
				CLANG_WARN_STRICT_PROTOTYPES = YES;
				CLANG_WARN_SUSPICIOUS_MOVE = YES;
				CLANG_WARN_UNGUARDED_AVAILABILITY = YES_AGGRESSIVE;
				CLANG_WARN_UNREACHABLE_CODE = YES;
				CLANG_WARN__DUPLICATE_METHOD_MATCH = YES;
				COPY_PHASE_STRIP = NO;
				DEBUG_INFORMATION_FORMAT = dwarf;
				ENABLE_STRICT_OBJC_MSGSEND = YES;
				ENABLE_TESTABILITY = YES;
				GCC_C_LANGUAGE_STANDARD = gnu11;
				GCC_DYNAMIC_NO_PIC = NO;
				GCC_NO_COMMON_BLOCKS = YES;
				GCC_OPTIMIZATION_LEVEL = 0;
				GCC_PREPROCESSOR_DEFINITIONS = (
					"DEBUG=1",
					"$(inherited)",
				);
				GCC_WARN_64_TO_32_BIT_CONVERSION = YES;
				GCC_WARN_ABOUT_RETURN_TYPE = YES_ERROR;
				GCC_WARN_UNDECLARED_SELECTOR = YES;
				GCC_WARN_UNINITIALIZED_AUTOS = YES_AGGRESSIVE;
				GCC_WARN_UNUSED_FUNCTION = YES;
				GCC_WARN_UNUSED_VARIABLE = YES;
				IPHONEOS_DEPLOYMENT_TARGET = 16.2;
				MTL_ENABLE_DEBUG_INFO = INCLUDE_SOURCE;
				MTL_FAST_MATH = YES;
				ONLY_ACTIVE_ARCH = YES;
				SDKROOT = iphoneos;
				SWIFT_ACTIVE_COMPILATION_CONDITIONS = DEBUG;
				SWIFT_OPTIMIZATION_LEVEL = "-Onone";
			};
			name = Debug;
		};
		96420193296496D300C59590 /* Release */ = {
			isa = XCBuildConfiguration;
			buildSettings = {
				ALWAYS_SEARCH_USER_PATHS = NO;
				CLANG_ANALYZER_NONNULL = YES;
				CLANG_ANALYZER_NUMBER_OBJECT_CONVERSION = YES_AGGRESSIVE;
				CLANG_CXX_LANGUAGE_STANDARD = "gnu++20";
				CLANG_ENABLE_MODULES = YES;
				CLANG_ENABLE_OBJC_ARC = YES;
				CLANG_ENABLE_OBJC_WEAK = YES;
				CLANG_WARN_BLOCK_CAPTURE_AUTORELEASING = YES;
				CLANG_WARN_BOOL_CONVERSION = YES;
				CLANG_WARN_COMMA = YES;
				CLANG_WARN_CONSTANT_CONVERSION = YES;
				CLANG_WARN_DEPRECATED_OBJC_IMPLEMENTATIONS = YES;
				CLANG_WARN_DIRECT_OBJC_ISA_USAGE = YES_ERROR;
				CLANG_WARN_DOCUMENTATION_COMMENTS = YES;
				CLANG_WARN_EMPTY_BODY = YES;
				CLANG_WARN_ENUM_CONVERSION = YES;
				CLANG_WARN_INFINITE_RECURSION = YES;
				CLANG_WARN_INT_CONVERSION = YES;
				CLANG_WARN_NON_LITERAL_NULL_CONVERSION = YES;
				CLANG_WARN_OBJC_IMPLICIT_RETAIN_SELF = YES;
				CLANG_WARN_OBJC_LITERAL_CONVERSION = YES;
				CLANG_WARN_OBJC_ROOT_CLASS = YES_ERROR;
				CLANG_WARN_QUOTED_INCLUDE_IN_FRAMEWORK_HEADER = YES;
				CLANG_WARN_RANGE_LOOP_ANALYSIS = YES;
				CLANG_WARN_STRICT_PROTOTYPES = YES;
				CLANG_WARN_SUSPICIOUS_MOVE = YES;
				CLANG_WARN_UNGUARDED_AVAILABILITY = YES_AGGRESSIVE;
				CLANG_WARN_UNREACHABLE_CODE = YES;
				CLANG_WARN__DUPLICATE_METHOD_MATCH = YES;
				COPY_PHASE_STRIP = NO;
				DEBUG_INFORMATION_FORMAT = "dwarf-with-dsym";
				ENABLE_NS_ASSERTIONS = NO;
				ENABLE_STRICT_OBJC_MSGSEND = YES;
				GCC_C_LANGUAGE_STANDARD = gnu11;
				GCC_NO_COMMON_BLOCKS = YES;
				GCC_WARN_64_TO_32_BIT_CONVERSION = YES;
				GCC_WARN_ABOUT_RETURN_TYPE = YES_ERROR;
				GCC_WARN_UNDECLARED_SELECTOR = YES;
				GCC_WARN_UNINITIALIZED_AUTOS = YES_AGGRESSIVE;
				GCC_WARN_UNUSED_FUNCTION = YES;
				GCC_WARN_UNUSED_VARIABLE = YES;
				IPHONEOS_DEPLOYMENT_TARGET = 16.2;
				MTL_ENABLE_DEBUG_INFO = NO;
				MTL_FAST_MATH = YES;
				SDKROOT = iphoneos;
				SWIFT_COMPILATION_MODE = wholemodule;
				SWIFT_OPTIMIZATION_LEVEL = "-O";
				VALIDATE_PRODUCT = YES;
			};
			name = Release;
		};
		96420195296496D300C59590 /* Debug */ = {
			isa = XCBuildConfiguration;
			buildSettings = {
				ASSETCATALOG_COMPILER_APPICON_NAME = AppIcon;
				ASSETCATALOG_COMPILER_GLOBAL_ACCENT_COLOR_NAME = AccentColor;
				CODE_SIGN_STYLE = Automatic;
				CURRENT_PROJECT_VERSION = 1;
				DEVELOPMENT_ASSET_PATHS = "\"ToudouProject/Preview Content\"";
				DEVELOPMENT_TEAM = Q6DV6C6352;
				ENABLE_PREVIEWS = YES;
				GENERATE_INFOPLIST_FILE = YES;
				INFOPLIST_FILE = "ToudouProject/Supporting Files/Info.plist";
				INFOPLIST_KEY_CFBundleDisplayName = Toudou;
				INFOPLIST_KEY_LSApplicationCategoryType = "public.app-category.productivity";
				INFOPLIST_KEY_UIApplicationSupportsIndirectInputEvents = YES;
				INFOPLIST_KEY_UILaunchScreen_Generation = YES;
				INFOPLIST_KEY_UISupportedInterfaceOrientations = UIInterfaceOrientationPortrait;
				INFOPLIST_KEY_UISupportedInterfaceOrientations_iPad = "UIInterfaceOrientationLandscapeLeft UIInterfaceOrientationLandscapeRight UIInterfaceOrientationPortrait UIInterfaceOrientationPortraitUpsideDown";
				LD_RUNPATH_SEARCH_PATHS = (
					"$(inherited)",
					"@executable_path/Frameworks",
				);
				MARKETING_VERSION = 1.2;
				PRODUCT_BUNDLE_IDENTIFIER = yann.ToudouProject;
				PRODUCT_NAME = "$(TARGET_NAME)";
				SWIFT_EMIT_LOC_STRINGS = YES;
				SWIFT_VERSION = 5.0;
				TARGETED_DEVICE_FAMILY = "1,2";
			};
			name = Debug;
		};
		96420196296496D300C59590 /* Release */ = {
			isa = XCBuildConfiguration;
			buildSettings = {
				ASSETCATALOG_COMPILER_APPICON_NAME = AppIcon;
				ASSETCATALOG_COMPILER_GLOBAL_ACCENT_COLOR_NAME = AccentColor;
				CODE_SIGN_STYLE = Automatic;
				CURRENT_PROJECT_VERSION = 1;
				DEVELOPMENT_ASSET_PATHS = "\"ToudouProject/Preview Content\"";
				DEVELOPMENT_TEAM = Q6DV6C6352;
				ENABLE_PREVIEWS = YES;
				GENERATE_INFOPLIST_FILE = YES;
				INFOPLIST_FILE = "ToudouProject/Supporting Files/Info.plist";
				INFOPLIST_KEY_CFBundleDisplayName = Toudou;
				INFOPLIST_KEY_LSApplicationCategoryType = "public.app-category.productivity";
				INFOPLIST_KEY_UIApplicationSupportsIndirectInputEvents = YES;
				INFOPLIST_KEY_UILaunchScreen_Generation = YES;
				INFOPLIST_KEY_UISupportedInterfaceOrientations = UIInterfaceOrientationPortrait;
				INFOPLIST_KEY_UISupportedInterfaceOrientations_iPad = "UIInterfaceOrientationLandscapeLeft UIInterfaceOrientationLandscapeRight UIInterfaceOrientationPortrait UIInterfaceOrientationPortraitUpsideDown";
				LD_RUNPATH_SEARCH_PATHS = (
					"$(inherited)",
					"@executable_path/Frameworks",
				);
				MARKETING_VERSION = 1.2;
				PRODUCT_BUNDLE_IDENTIFIER = yann.ToudouProject;
				PRODUCT_NAME = "$(TARGET_NAME)";
				SWIFT_EMIT_LOC_STRINGS = YES;
				SWIFT_VERSION = 5.0;
				TARGETED_DEVICE_FAMILY = "1,2";
			};
			name = Release;
		};
		964311DE29B090AD0019E184 /* Debug */ = {
			isa = XCBuildConfiguration;
			buildSettings = {
				CODE_SIGN_STYLE = Automatic;
				CURRENT_PROJECT_VERSION = 1;
				DEVELOPMENT_TEAM = Q6DV6C6352;
				GENERATE_INFOPLIST_FILE = YES;
				MARKETING_VERSION = 1.0;
				PRODUCT_BUNDLE_IDENTIFIER = yann.ToudouProjectUITests;
				PRODUCT_NAME = "$(TARGET_NAME)";
				SWIFT_EMIT_LOC_STRINGS = NO;
				SWIFT_VERSION = 5.0;
				TARGETED_DEVICE_FAMILY = "1,2";
				TEST_TARGET_NAME = ToudouProject;
			};
			name = Debug;
		};
		964311DF29B090AD0019E184 /* Release */ = {
			isa = XCBuildConfiguration;
			buildSettings = {
				CODE_SIGN_STYLE = Automatic;
				CURRENT_PROJECT_VERSION = 1;
				DEVELOPMENT_TEAM = Q6DV6C6352;
				GENERATE_INFOPLIST_FILE = YES;
				MARKETING_VERSION = 1.0;
				PRODUCT_BUNDLE_IDENTIFIER = yann.ToudouProjectUITests;
				PRODUCT_NAME = "$(TARGET_NAME)";
				SWIFT_EMIT_LOC_STRINGS = NO;
				SWIFT_VERSION = 5.0;
				TARGETED_DEVICE_FAMILY = "1,2";
				TEST_TARGET_NAME = ToudouProject;
			};
			name = Release;
		};
		964C7AC629AFC3B600472274 /* Debug */ = {
			isa = XCBuildConfiguration;
			buildSettings = {
				BUNDLE_LOADER = "$(TEST_HOST)";
				CODE_SIGN_STYLE = Automatic;
				CURRENT_PROJECT_VERSION = 1;
				DEVELOPMENT_TEAM = Q6DV6C6352;
				GENERATE_INFOPLIST_FILE = YES;
				MARKETING_VERSION = 1.0;
				PRODUCT_BUNDLE_IDENTIFIER = yann.ToudouProjectTests;
				PRODUCT_NAME = "$(TARGET_NAME)";
				SWIFT_EMIT_LOC_STRINGS = NO;
				SWIFT_VERSION = 5.0;
				TARGETED_DEVICE_FAMILY = "1,2";
				TEST_HOST = "$(BUILT_PRODUCTS_DIR)/ToudouProject.app/$(BUNDLE_EXECUTABLE_FOLDER_PATH)/ToudouProject";
			};
			name = Debug;
		};
		964C7AC729AFC3B600472274 /* Release */ = {
			isa = XCBuildConfiguration;
			buildSettings = {
				BUNDLE_LOADER = "$(TEST_HOST)";
				CODE_SIGN_STYLE = Automatic;
				CURRENT_PROJECT_VERSION = 1;
				DEVELOPMENT_TEAM = Q6DV6C6352;
				GENERATE_INFOPLIST_FILE = YES;
				MARKETING_VERSION = 1.0;
				PRODUCT_BUNDLE_IDENTIFIER = yann.ToudouProjectTests;
				PRODUCT_NAME = "$(TARGET_NAME)";
				SWIFT_EMIT_LOC_STRINGS = NO;
				SWIFT_VERSION = 5.0;
				TARGETED_DEVICE_FAMILY = "1,2";
				TEST_HOST = "$(BUILT_PRODUCTS_DIR)/ToudouProject.app/$(BUNDLE_EXECUTABLE_FOLDER_PATH)/ToudouProject";
			};
			name = Release;
		};
/* End XCBuildConfiguration section */

/* Begin XCConfigurationList section */
		9642017C296496D100C59590 /* Build configuration list for PBXProject "ToudouProject" */ = {
			isa = XCConfigurationList;
			buildConfigurations = (
				96420192296496D300C59590 /* Debug */,
				96420193296496D300C59590 /* Release */,
			);
			defaultConfigurationIsVisible = 0;
			defaultConfigurationName = Release;
		};
		96420194296496D300C59590 /* Build configuration list for PBXNativeTarget "ToudouProject" */ = {
			isa = XCConfigurationList;
			buildConfigurations = (
				96420195296496D300C59590 /* Debug */,
				96420196296496D300C59590 /* Release */,
			);
			defaultConfigurationIsVisible = 0;
			defaultConfigurationName = Release;
		};
		964311E029B090AE0019E184 /* Build configuration list for PBXNativeTarget "ToudouProjectUITests" */ = {
			isa = XCConfigurationList;
			buildConfigurations = (
				964311DE29B090AD0019E184 /* Debug */,
				964311DF29B090AD0019E184 /* Release */,
			);
			defaultConfigurationIsVisible = 0;
			defaultConfigurationName = Release;
		};
		964C7AC529AFC3B600472274 /* Build configuration list for PBXNativeTarget "ToudouProjectTests" */ = {
			isa = XCConfigurationList;
			buildConfigurations = (
				964C7AC629AFC3B600472274 /* Debug */,
				964C7AC729AFC3B600472274 /* Release */,
			);
			defaultConfigurationIsVisible = 0;
			defaultConfigurationName = Release;
		};
/* End XCConfigurationList section */

/* Begin XCVersionGroup section */
		9642018F296496D300C59590 /* ToudouProject.xcdatamodeld */ = {
			isa = XCVersionGroup;
			children = (
				96420190296496D300C59590 /* ToudouProject.xcdatamodel */,
			);
			currentVersion = 96420190296496D300C59590 /* ToudouProject.xcdatamodel */;
			path = ToudouProject.xcdatamodeld;
			sourceTree = "<group>";
			versionGroupType = wrapper.xcdatamodel;
		};
/* End XCVersionGroup section */
	};
	rootObject = 96420179296496D100C59590 /* Project object */;
}
